{
  "name": "co-pair",
  "version": "0.0.0",
  "lockfileVersion": 3,
  "requires": true,
  "packages": {
    "": {
      "name": "co-pair",
      "version": "0.0.0",
      "license": "MIT",
      "dependencies": {
        "@material/web": "2.4.0",
        "be-enhanced": "0.0.186",
        "be-enhancing": "0.0.4",
        "be-hive": "0.0.265",
        "be-importing": "0.0.98",
        "be-observing": "0.0.4",
        "be-switched": "0.0.136",
        "be-written": "0.0.62",
        "data-props": "0.0.3",
        "do-inc": "0.0.1",
        "do-invoke": "0.0.3",
        "folder-picker": "0.0.3",
        "mount-observer": "0.0.101",
        "open-props": "^1.7.16",
        "per-each": "0.0.9",
        "trans-render": "0.0.956",
        "xtal-element": "0.0.631"
      },
      "devDependencies": {
        "@playwright/test": "1.55.0",
        "spa-ssi": "0.0.2"
      }
    },
    "node_modules/@lit-labs/ssr-dom-shim": {
      "version": "1.4.0",
      "resolved": "https://registry.npmjs.org/@lit-labs/ssr-dom-shim/-/ssr-dom-shim-1.4.0.tgz",
      "integrity": "sha512-ficsEARKnmmW5njugNYKipTm4SFnbik7CXtoencDZzmzo/dQ+2Q0bgkzJuoJP20Aj0F+izzJjOqsnkd6F/o1bw==",
      "license": "BSD-3-Clause"
    },
    "node_modules/@lit/reactive-element": {
      "version": "2.1.1",
      "resolved": "https://registry.npmjs.org/@lit/reactive-element/-/reactive-element-2.1.1.tgz",
      "integrity": "sha512-N+dm5PAYdQ8e6UlywyyrgI2t++wFGXfHx+dSJ1oBrg6FAxUj40jId++EaRm80MKX5JnlH1sBsyZ5h0bcZKemCg==",
      "license": "BSD-3-Clause",
      "dependencies": {
        "@lit-labs/ssr-dom-shim": "^1.4.0"
      }
    },
    "node_modules/@material/web": {
      "version": "2.4.0",
      "resolved": "https://registry.npmjs.org/@material/web/-/web-2.4.0.tgz",
      "integrity": "sha512-2jYiPIYOuP2UcWXal4VdKRlkpBX02U3rgXMWp0yFQbJaOmK8MOIA3BsyuooM3VOYI+VCO70BeH1x43y5cBLvZQ==",
      "license": "Apache-2.0",
      "workspaces": [
        "catalog"
      ],
      "dependencies": {
        "lit": "^2.8.0 || ^3.0.0",
        "tslib": "^2.4.0"
      }
    },
    "node_modules/@playwright/test": {
      "version": "1.55.0",
      "resolved": "https://registry.npmjs.org/@playwright/test/-/test-1.55.0.tgz",
      "integrity": "sha512-04IXzPwHrW69XusN/SIdDdKZBzMfOT9UNT/YiJit/xpy2VuAoB8NHc8Aplb96zsWDddLnbkPL3TsmrS04ZU2xQ==",
      "dev": true,
      "license": "Apache-2.0",
      "dependencies": {
        "playwright": "1.55.0"
      },
      "bin": {
        "playwright": "cli.js"
      },
      "engines": {
        "node": ">=18"
      }
    },
    "node_modules/@types/trusted-types": {
      "version": "2.0.7",
      "resolved": "https://registry.npmjs.org/@types/trusted-types/-/trusted-types-2.0.7.tgz",
      "integrity": "sha512-ScaPdn1dQczgbl0QFTeTOmVHFULt394XJgOQNoyVhZ6r2vLnMLJfBPd53SB52T/3G36VI1/g2MZaX0cwDuXsfw==",
      "license": "MIT"
    },
    "node_modules/be-a-beacon": {
      "version": "0.0.74",
      "resolved": "https://registry.npmjs.org/be-a-beacon/-/be-a-beacon-0.0.74.tgz",
      "integrity": "sha512-irgehJ17rpxpCka0GBvNpX+sz6kR8nQwdkI/rwlbY9qQqkbzNGSd+2ooty2KdmjNgxrlT4NuN/KAN795pEoyFg==",
      "license": "MIT",
      "dependencies": {
        "be-enhanced": "0.0.184",
        "be-hive": "0.0.263",
        "mount-observer": "0.0.89",
        "trans-render": "0.0.930"
      }
    },
    "node_modules/be-a-beacon/node_modules/be-enhanced": {
      "version": "0.0.184",
      "resolved": "https://registry.npmjs.org/be-enhanced/-/be-enhanced-0.0.184.tgz",
      "integrity": "sha512-zZDoLXt1VSeTE/cICuS6n7L4ehWhK7I1e6q0z52LUNf0GY3gZdC6aTmHHRZCe8bgl616rYPZ3g2YFSk77/F/Jw==",
      "license": "MIT",
      "dependencies": {
        "trans-render": "0.0.930"
      }
    },
    "node_modules/be-a-beacon/node_modules/be-hive": {
      "version": "0.0.263",
      "resolved": "https://registry.npmjs.org/be-hive/-/be-hive-0.0.263.tgz",
      "integrity": "sha512-mTVVvaXhy2X63F/oLnObu0EFEDA90Ih1wJl984J3IlEjjibfqkfIvrCb6wzmZ9wFJSKP03BZsuaMrynfBO6S5A==",
      "license": "MIT",
      "dependencies": {
        "be-enhanced": "0.0.183",
        "mount-observer": "0.0.88",
        "trans-render": "0.0.921"
      }
    },
    "node_modules/be-a-beacon/node_modules/be-hive/node_modules/be-enhanced": {
      "version": "0.0.183",
      "resolved": "https://registry.npmjs.org/be-enhanced/-/be-enhanced-0.0.183.tgz",
      "integrity": "sha512-+Tm+R88HjkO8kB+TfszahsyF15l0htvKnb+WnbbpBgUFazyaTDFy371PsiY2rUFXAfJA3Tj/YcIuD3FWTf7J4A==",
      "license": "MIT",
      "dependencies": {
        "trans-render": "0.0.921"
      }
    },
    "node_modules/be-a-beacon/node_modules/be-hive/node_modules/mount-observer": {
      "version": "0.0.88",
      "resolved": "https://registry.npmjs.org/mount-observer/-/mount-observer-0.0.88.tgz",
      "integrity": "sha512-Motb58DIomIqgLfrE/FJLNz1y4szqHGmSN1Y68GTBfQIKGiCp3mkS09vOHzB0EgwNhNau033rQu6SGEpFVdNFg==",
      "license": "MIT"
    },
    "node_modules/be-a-beacon/node_modules/be-hive/node_modules/trans-render": {
      "version": "0.0.921",
      "resolved": "https://registry.npmjs.org/trans-render/-/trans-render-0.0.921.tgz",
      "integrity": "sha512-RwX86zh3Boe2kTBzy2pE6nvXzLb7jNeIDybHq9XZYWW/Wo47vHoFojzLFquRMuxoBPwSO72ZZxNjqJoGiAuFdA==",
      "license": "MIT",
      "dependencies": {
        "mount-observer": "0.0.88"
      }
    },
    "node_modules/be-a-beacon/node_modules/mount-observer": {
      "version": "0.0.89",
      "resolved": "https://registry.npmjs.org/mount-observer/-/mount-observer-0.0.89.tgz",
      "integrity": "sha512-diJjxp/5ZgHce4+VT1Egi4flVDWMZlnmlfUt/TMIuxPbxqEZLliCGRL5xzRmAToxKFj/8AA3chN+PM3zShAq/g==",
      "license": "MIT"
    },
    "node_modules/be-a-beacon/node_modules/trans-render": {
      "version": "0.0.930",
      "resolved": "https://registry.npmjs.org/trans-render/-/trans-render-0.0.930.tgz",
      "integrity": "sha512-zQ0wWzufTSJeFo9pN8ygXPzmv9M2AxhzMxGy6kRJxCQ/A9K2sN6NTWzXTHJlsaQmrKSqtzbFlo9QKcp4oofThw==",
      "license": "MIT",
      "dependencies": {
        "mount-observer": "0.0.89"
      }
    },
    "node_modules/be-based": {
      "version": "0.0.73",
      "resolved": "https://registry.npmjs.org/be-based/-/be-based-0.0.73.tgz",
      "integrity": "sha512-Re5V7ZS1X99SmZlySFMOiHjKFHCTaBsyePXabheCQJBeEjI0+Do2zSdQjWxSQ5O3Xpa1ZxkMnZ+5AQgXqViB7A==",
      "license": "MIT",
      "dependencies": {
        "be-enhanced": "0.0.183",
        "be-hive": "0.0.263",
        "mount-observer": "0.0.89",
        "trans-render": "0.0.930"
      }
    },
    "node_modules/be-based/node_modules/be-enhanced": {
      "version": "0.0.183",
      "resolved": "https://registry.npmjs.org/be-enhanced/-/be-enhanced-0.0.183.tgz",
      "integrity": "sha512-+Tm+R88HjkO8kB+TfszahsyF15l0htvKnb+WnbbpBgUFazyaTDFy371PsiY2rUFXAfJA3Tj/YcIuD3FWTf7J4A==",
      "license": "MIT",
      "dependencies": {
        "trans-render": "0.0.921"
      }
    },
    "node_modules/be-based/node_modules/be-enhanced/node_modules/mount-observer": {
      "version": "0.0.88",
      "resolved": "https://registry.npmjs.org/mount-observer/-/mount-observer-0.0.88.tgz",
      "integrity": "sha512-Motb58DIomIqgLfrE/FJLNz1y4szqHGmSN1Y68GTBfQIKGiCp3mkS09vOHzB0EgwNhNau033rQu6SGEpFVdNFg==",
      "license": "MIT"
    },
    "node_modules/be-based/node_modules/be-enhanced/node_modules/trans-render": {
      "version": "0.0.921",
      "resolved": "https://registry.npmjs.org/trans-render/-/trans-render-0.0.921.tgz",
      "integrity": "sha512-RwX86zh3Boe2kTBzy2pE6nvXzLb7jNeIDybHq9XZYWW/Wo47vHoFojzLFquRMuxoBPwSO72ZZxNjqJoGiAuFdA==",
      "license": "MIT",
      "dependencies": {
        "mount-observer": "0.0.88"
      }
    },
    "node_modules/be-based/node_modules/be-hive": {
      "version": "0.0.263",
      "resolved": "https://registry.npmjs.org/be-hive/-/be-hive-0.0.263.tgz",
      "integrity": "sha512-mTVVvaXhy2X63F/oLnObu0EFEDA90Ih1wJl984J3IlEjjibfqkfIvrCb6wzmZ9wFJSKP03BZsuaMrynfBO6S5A==",
      "license": "MIT",
      "dependencies": {
        "be-enhanced": "0.0.183",
        "mount-observer": "0.0.88",
        "trans-render": "0.0.921"
      }
    },
    "node_modules/be-based/node_modules/be-hive/node_modules/mount-observer": {
      "version": "0.0.88",
      "resolved": "https://registry.npmjs.org/mount-observer/-/mount-observer-0.0.88.tgz",
      "integrity": "sha512-Motb58DIomIqgLfrE/FJLNz1y4szqHGmSN1Y68GTBfQIKGiCp3mkS09vOHzB0EgwNhNau033rQu6SGEpFVdNFg==",
      "license": "MIT"
    },
    "node_modules/be-based/node_modules/be-hive/node_modules/trans-render": {
      "version": "0.0.921",
      "resolved": "https://registry.npmjs.org/trans-render/-/trans-render-0.0.921.tgz",
      "integrity": "sha512-RwX86zh3Boe2kTBzy2pE6nvXzLb7jNeIDybHq9XZYWW/Wo47vHoFojzLFquRMuxoBPwSO72ZZxNjqJoGiAuFdA==",
      "license": "MIT",
      "dependencies": {
        "mount-observer": "0.0.88"
      }
    },
    "node_modules/be-based/node_modules/mount-observer": {
      "version": "0.0.89",
      "resolved": "https://registry.npmjs.org/mount-observer/-/mount-observer-0.0.89.tgz",
      "integrity": "sha512-diJjxp/5ZgHce4+VT1Egi4flVDWMZlnmlfUt/TMIuxPbxqEZLliCGRL5xzRmAToxKFj/8AA3chN+PM3zShAq/g==",
      "license": "MIT"
    },
    "node_modules/be-based/node_modules/trans-render": {
      "version": "0.0.930",
      "resolved": "https://registry.npmjs.org/trans-render/-/trans-render-0.0.930.tgz",
      "integrity": "sha512-zQ0wWzufTSJeFo9pN8ygXPzmv9M2AxhzMxGy6kRJxCQ/A9K2sN6NTWzXTHJlsaQmrKSqtzbFlo9QKcp4oofThw==",
      "license": "MIT",
      "dependencies": {
        "mount-observer": "0.0.89"
      }
    },
    "node_modules/be-enhanced": {
      "version": "0.0.186",
      "resolved": "https://registry.npmjs.org/be-enhanced/-/be-enhanced-0.0.186.tgz",
      "integrity": "sha512-pKb1nv4AiJ0afJ3Vi1afobubNhis0j2e/7PpdfAqhV5wGZGJC6GCfJ2m8egusYqfUVeZdq8bn6V2a3T1WQbIqw==",
      "license": "MIT",
      "dependencies": {
        "trans-render": "0.0.949"
      }
    },
    "node_modules/be-enhanced/node_modules/mount-observer": {
      "version": "0.0.98",
      "resolved": "https://registry.npmjs.org/mount-observer/-/mount-observer-0.0.98.tgz",
      "integrity": "sha512-G9DIuX9YC0ol8SQFO2ybLR23hAPiesZO3ym7CM4ThcT0GtxzgL49djDXz56b7HQ25FeHpodGrbf3k7XITD9U+g==",
      "license": "MIT"
    },
    "node_modules/be-enhanced/node_modules/trans-render": {
      "version": "0.0.949",
      "resolved": "https://registry.npmjs.org/trans-render/-/trans-render-0.0.949.tgz",
      "integrity": "sha512-iEeIvaTB9GJ5cKRO3sOBmfRfQViJQ0YapE9ag+cTPH4UfS1W90V12bKvs7MfuGdcToxBfblgRJzGjof0KChaRA==",
      "license": "MIT",
      "dependencies": {
        "mount-observer": "0.0.98"
      }
    },
    "node_modules/be-enhancing": {
      "version": "0.0.4",
      "resolved": "https://registry.npmjs.org/be-enhancing/-/be-enhancing-0.0.4.tgz",
      "integrity": "sha512-3jyvmlcab7g/4M29gW4YlMQ0hcoBKkmwTMU9OkCbO2XJxuTkyEItzP0wWajJ9RXQS4aq8nuaa1k4/gHex35uCQ==",
      "license": "MIT",
      "dependencies": {
        "be-enhanced": "0.0.186",
        "be-hive": "0.0.265",
        "mount-observer": "0.0.101",
        "trans-render": "0.0.954"
      }
    },
    "node_modules/be-enhancing/node_modules/trans-render": {
      "version": "0.0.954",
      "resolved": "https://registry.npmjs.org/trans-render/-/trans-render-0.0.954.tgz",
      "integrity": "sha512-QtH0MfQHOcyOVD/k92hEyXQpZzXt6vzWuVD/i02Nko8+/WZeU+xA7X5AbTDfWxbfgotp5nQYKY4uYodbXBvdow==",
      "license": "MIT",
      "dependencies": {
        "mount-observer": "0.0.98"
      }
    },
    "node_modules/be-enhancing/node_modules/trans-render/node_modules/mount-observer": {
      "version": "0.0.98",
      "resolved": "https://registry.npmjs.org/mount-observer/-/mount-observer-0.0.98.tgz",
      "integrity": "sha512-G9DIuX9YC0ol8SQFO2ybLR23hAPiesZO3ym7CM4ThcT0GtxzgL49djDXz56b7HQ25FeHpodGrbf3k7XITD9U+g==",
      "license": "MIT"
    },
    "node_modules/be-hive": {
      "version": "0.0.265",
      "resolved": "https://registry.npmjs.org/be-hive/-/be-hive-0.0.265.tgz",
      "integrity": "sha512-67SuyNY4HKlfZTGLdRluoG33TVSmQh1hweDyo9xDHYD1Co8dEJGU8m2efmF5mQ2B+BnIkQ/btbJHIbY3DiF0SQ==",
      "license": "MIT",
      "dependencies": {
        "be-enhanced": "0.0.185",
        "mount-observer": "0.0.91",
        "trans-render": "0.0.939"
      }
    },
    "node_modules/be-hive/node_modules/be-enhanced": {
      "version": "0.0.185",
      "resolved": "https://registry.npmjs.org/be-enhanced/-/be-enhanced-0.0.185.tgz",
      "integrity": "sha512-k8TWQEc3VMqJL8M1kxzh7hXKQs8hyAi81rvQSGSmBO23OG3Fz2bA7zBPaGE0NyszxsfxI6MXpF/FAcdWcXMWrQ==",
      "license": "MIT",
      "dependencies": {
        "trans-render": "0.0.939"
      }
    },
    "node_modules/be-hive/node_modules/mount-observer": {
      "version": "0.0.91",
      "resolved": "https://registry.npmjs.org/mount-observer/-/mount-observer-0.0.91.tgz",
      "integrity": "sha512-7OGjhTBEYhHqSVL22Mzk+6bsUeCSwKyEvbtoRvrqIjq7eAXAX1xdTnB4wYpuWl8XAt27Ss2Tvhi7hNy7l8jMMg==",
      "license": "MIT"
    },
    "node_modules/be-hive/node_modules/trans-render": {
      "version": "0.0.939",
      "resolved": "https://registry.npmjs.org/trans-render/-/trans-render-0.0.939.tgz",
      "integrity": "sha512-g9F50+fniItKBtmYyMOKaLqiDw4yrrMYhX/o9bZNy330gP9P5kP6uPD3GtfO6tMAvO4+LxOquOv7qKZ9uqFAJw==",
      "license": "MIT",
      "dependencies": {
        "mount-observer": "0.0.91"
      }
    },
    "node_modules/be-importing": {
      "version": "0.0.98",
      "resolved": "https://registry.npmjs.org/be-importing/-/be-importing-0.0.98.tgz",
      "integrity": "sha512-Kx30xm6MdS1fukJMq2TZd/KYON06lmU3x+FujV0KtKNBniMu326GTdC6zUTHtB/jnXvstSyvPFAGG7ZI5GGC2g==",
      "license": "MIT",
      "dependencies": {
        "be-enhanced": "0.0.186",
        "be-hive": "0.0.265",
        "be-written": "0.0.58",
        "trans-render": "0.0.956",
        "xtal-element": "0.0.631"
      }
    },
    "node_modules/be-importing/node_modules/be-written": {
      "version": "0.0.58",
      "resolved": "https://registry.npmjs.org/be-written/-/be-written-0.0.58.tgz",
      "integrity": "sha512-jrxPg4fL7np0Vg3nYSGYnlAbVLeiEPEMb03MbULWrsEaSn4AmAvyqPhKcFBovlBHP+nLFXWldwiXZJqWqClPcg==",
      "license": "MIT",
      "dependencies": {
        "be-a-beacon": "0.0.74",
        "be-based": "0.0.73",
        "be-enhanced": "0.0.186",
        "be-hive": "0.0.265",
        "stream-orator": "0.0.25",
        "trans-render": "0.0.956"
      }
    },
    "node_modules/be-observing": {
      "version": "0.0.4",
      "resolved": "https://registry.npmjs.org/be-observing/-/be-observing-0.0.4.tgz",
      "integrity": "sha512-8H0rrGAQu00Cps+OYFpgrzJ6Jj6V/9SIYcwzIut0RyAI+4SeoGmnisXkOvqz2mNFGGs0apZ1cpPmlsLMupAQ/Q==",
      "license": "MIT",
      "dependencies": {
        "be-enhanced": "0.0.186",
        "be-hive": "0.0.265",
        "mount-observer": "0.0.101",
        "trans-render": "0.0.954"
      }
    },
    "node_modules/be-observing/node_modules/trans-render": {
      "version": "0.0.954",
      "resolved": "https://registry.npmjs.org/trans-render/-/trans-render-0.0.954.tgz",
      "integrity": "sha512-QtH0MfQHOcyOVD/k92hEyXQpZzXt6vzWuVD/i02Nko8+/WZeU+xA7X5AbTDfWxbfgotp5nQYKY4uYodbXBvdow==",
      "license": "MIT",
      "dependencies": {
        "mount-observer": "0.0.98"
      }
    },
    "node_modules/be-observing/node_modules/trans-render/node_modules/mount-observer": {
      "version": "0.0.98",
      "resolved": "https://registry.npmjs.org/mount-observer/-/mount-observer-0.0.98.tgz",
      "integrity": "sha512-G9DIuX9YC0ol8SQFO2ybLR23hAPiesZO3ym7CM4ThcT0GtxzgL49djDXz56b7HQ25FeHpodGrbf3k7XITD9U+g==",
      "license": "MIT"
    },
    "node_modules/be-switched": {
      "version": "0.0.136",
      "resolved": "https://registry.npmjs.org/be-switched/-/be-switched-0.0.136.tgz",
      "integrity": "sha512-jKq2dumTXdrnU7cGgEyoaDkX0gk7kdlunxKLrrX6oQfTQE6BLErLSx+gXCJ71Wj1GNsb0NpHG+9IrRmhGBpACA==",
      "license": "MIT",
      "dependencies": {
        "be-enhanced": "0.0.186",
        "be-hive": "0.0.265",
        "mount-observer": "0.0.100",
        "trans-render": "0.0.950"
      }
    },
    "node_modules/be-switched/node_modules/mount-observer": {
      "version": "0.0.100",
      "resolved": "https://registry.npmjs.org/mount-observer/-/mount-observer-0.0.100.tgz",
      "integrity": "sha512-J7hStavVAscEyUlegSUtVSyB3mIRPzfetwTn5ybTZt/quCtUx9l16c6psVLe7chwyJ1+tbVdgdZqFxSJoUQCGg==",
      "license": "MIT"
    },
    "node_modules/be-switched/node_modules/trans-render": {
      "version": "0.0.950",
      "resolved": "https://registry.npmjs.org/trans-render/-/trans-render-0.0.950.tgz",
      "integrity": "sha512-w0tsuByGX+meMxxGv8erbL4qxgz0gnGde/7C6ZlcZxJmyTUzM8rg8qmYhJDw1X5rUP5IfnpVf2lpeu53w3889A==",
      "license": "MIT",
      "dependencies": {
        "mount-observer": "0.0.98"
      }
    },
    "node_modules/be-switched/node_modules/trans-render/node_modules/mount-observer": {
      "version": "0.0.98",
      "resolved": "https://registry.npmjs.org/mount-observer/-/mount-observer-0.0.98.tgz",
      "integrity": "sha512-G9DIuX9YC0ol8SQFO2ybLR23hAPiesZO3ym7CM4ThcT0GtxzgL49djDXz56b7HQ25FeHpodGrbf3k7XITD9U+g==",
      "license": "MIT"
    },
    "node_modules/be-written": {
      "version": "0.0.62",
      "resolved": "https://registry.npmjs.org/be-written/-/be-written-0.0.62.tgz",
      "integrity": "sha512-2R479BIuwhKDSVPOsmtPXsnXpfeJC+RIH42aAXdXiJ0bxwqguixS5L4qU/n/YoGin+rb0SAQmmBE6Fcnz7SgqA==",
      "license": "MIT",
      "dependencies": {
        "be-a-beacon": "0.0.74",
        "be-based": "0.0.73",
        "be-enhanced": "0.0.186",
        "be-hive": "0.0.265",
        "stream-orator": "0.0.25",
        "trans-render": "0.0.956"
      }
    },
    "node_modules/blow-dry": {
      "version": "0.0.11",
      "resolved": "https://registry.npmjs.org/blow-dry/-/blow-dry-0.0.11.tgz",
      "integrity": "sha512-GJC9OTEDQRti0mlAZ2tHPRyDOod2pr7ZXa08Ze9MM/cQ+fFDXOdArL9H08/R7Xnftb/rNBIUE4gBFOZulGynYw==",
      "license": "MIT"
    },
    "node_modules/data-props": {
      "version": "0.0.3",
      "resolved": "https://registry.npmjs.org/data-props/-/data-props-0.0.3.tgz",
      "integrity": "sha512-Q/PyRrPlhJokF9NqiYIYtDiUlH7MRBn6MOduADUVNfmz4xuHZ8ONpbtkfdi65n9RejEHTchgrp9fio7sfdyVCQ==",
      "license": "MIT",
      "dependencies": {
        "be-enhanced": "0.0.186",
        "be-hive": "0.0.265",
        "mount-observer": "0.0.101",
        "trans-render": "0.0.954"
      }
    },
    "node_modules/data-props/node_modules/trans-render": {
      "version": "0.0.954",
      "resolved": "https://registry.npmjs.org/trans-render/-/trans-render-0.0.954.tgz",
      "integrity": "sha512-QtH0MfQHOcyOVD/k92hEyXQpZzXt6vzWuVD/i02Nko8+/WZeU+xA7X5AbTDfWxbfgotp5nQYKY4uYodbXBvdow==",
      "license": "MIT",
      "dependencies": {
        "mount-observer": "0.0.98"
      }
    },
    "node_modules/data-props/node_modules/trans-render/node_modules/mount-observer": {
      "version": "0.0.98",
      "resolved": "https://registry.npmjs.org/mount-observer/-/mount-observer-0.0.98.tgz",
      "integrity": "sha512-G9DIuX9YC0ol8SQFO2ybLR23hAPiesZO3ym7CM4ThcT0GtxzgL49djDXz56b7HQ25FeHpodGrbf3k7XITD9U+g==",
      "license": "MIT"
    },
    "node_modules/do-inc": {
      "version": "0.0.1",
      "resolved": "https://registry.npmjs.org/do-inc/-/do-inc-0.0.1.tgz",
      "integrity": "sha512-w1oFCMvd6cN0ygAlF/Nrj0eGZrTxuhYyYV3puKp3OIWJQMzMM7yrZKdvB6lGi6nviY3v+lodxgWwqAKfvEqflQ==",
      "license": "MIT",
      "dependencies": {
        "be-enhanced": "0.0.186",
        "be-hive": "0.0.265",
        "mount-observer": "0.0.98",
        "trans-render": "0.0.950"
      }
    },
    "node_modules/do-inc/node_modules/mount-observer": {
      "version": "0.0.98",
      "resolved": "https://registry.npmjs.org/mount-observer/-/mount-observer-0.0.98.tgz",
      "integrity": "sha512-G9DIuX9YC0ol8SQFO2ybLR23hAPiesZO3ym7CM4ThcT0GtxzgL49djDXz56b7HQ25FeHpodGrbf3k7XITD9U+g==",
      "license": "MIT"
    },
    "node_modules/do-inc/node_modules/trans-render": {
      "version": "0.0.950",
      "resolved": "https://registry.npmjs.org/trans-render/-/trans-render-0.0.950.tgz",
      "integrity": "sha512-w0tsuByGX+meMxxGv8erbL4qxgz0gnGde/7C6ZlcZxJmyTUzM8rg8qmYhJDw1X5rUP5IfnpVf2lpeu53w3889A==",
      "license": "MIT",
      "dependencies": {
        "mount-observer": "0.0.98"
      }
    },
    "node_modules/do-invoke": {
      "version": "0.0.3",
      "resolved": "https://registry.npmjs.org/do-invoke/-/do-invoke-0.0.3.tgz",
      "integrity": "sha512-PXjcVTcKhIWTuMSaws3SNfa8Ruz+htFyJO5C1yK8LBWcgofeJ35I8yQIptfbheHJAvO1NzvlAl+gvC5YRdrDxw==",
      "license": "MIT",
      "dependencies": {
        "be-enhanced": "0.0.186",
        "be-hive": "0.0.265",
        "mount-observer": "0.0.101",
        "trans-render": "0.0.954"
      }
    },
    "node_modules/do-invoke/node_modules/trans-render": {
      "version": "0.0.954",
      "resolved": "https://registry.npmjs.org/trans-render/-/trans-render-0.0.954.tgz",
      "integrity": "sha512-QtH0MfQHOcyOVD/k92hEyXQpZzXt6vzWuVD/i02Nko8+/WZeU+xA7X5AbTDfWxbfgotp5nQYKY4uYodbXBvdow==",
      "license": "MIT",
      "dependencies": {
        "mount-observer": "0.0.98"
      }
    },
    "node_modules/do-invoke/node_modules/trans-render/node_modules/mount-observer": {
      "version": "0.0.98",
      "resolved": "https://registry.npmjs.org/mount-observer/-/mount-observer-0.0.98.tgz",
      "integrity": "sha512-G9DIuX9YC0ol8SQFO2ybLR23hAPiesZO3ym7CM4ThcT0GtxzgL49djDXz56b7HQ25FeHpodGrbf3k7XITD9U+g==",
      "license": "MIT"
    },
    "node_modules/folder-picker": {
      "version": "0.0.3",
      "resolved": "https://registry.npmjs.org/folder-picker/-/folder-picker-0.0.3.tgz",
      "integrity": "sha512-BwjBBnfl3Qs34g+FKYdjFvC6RdNZt53NOQuJGjJwuzkWpltGrIatf5GhN2xVa6JCFKiV5oTPL2sqmuRXrK8fJw==",
      "license": "MIT",
      "dependencies": {
        "be-enhanced": "0.0.186",
        "be-hive": "0.0.265",
        "mount-observer": "0.0.100",
        "trans-render": "0.0.952"
      }
    },
    "node_modules/folder-picker/node_modules/mount-observer": {
      "version": "0.0.100",
      "resolved": "https://registry.npmjs.org/mount-observer/-/mount-observer-0.0.100.tgz",
      "integrity": "sha512-J7hStavVAscEyUlegSUtVSyB3mIRPzfetwTn5ybTZt/quCtUx9l16c6psVLe7chwyJ1+tbVdgdZqFxSJoUQCGg==",
      "license": "MIT"
    },
    "node_modules/folder-picker/node_modules/trans-render": {
      "version": "0.0.952",
      "resolved": "https://registry.npmjs.org/trans-render/-/trans-render-0.0.952.tgz",
      "integrity": "sha512-N0nQc/KK6WYu5EwHDyqyO/k9+gDLkIf9zSvMXavM6ZOsL3VT672wkjYQKyBF2PZjuYvH4y2BVzdcncAEEAZC9w==",
      "license": "MIT",
      "dependencies": {
        "mount-observer": "0.0.98"
      }
    },
    "node_modules/folder-picker/node_modules/trans-render/node_modules/mount-observer": {
      "version": "0.0.98",
      "resolved": "https://registry.npmjs.org/mount-observer/-/mount-observer-0.0.98.tgz",
      "integrity": "sha512-G9DIuX9YC0ol8SQFO2ybLR23hAPiesZO3ym7CM4ThcT0GtxzgL49djDXz56b7HQ25FeHpodGrbf3k7XITD9U+g==",
      "license": "MIT"
    },
    "node_modules/fsevents": {
      "version": "2.3.2",
      "resolved": "https://registry.npmjs.org/fsevents/-/fsevents-2.3.2.tgz",
      "integrity": "sha512-xiqMQR4xAeHTuB9uWm+fFRcIOgKBMiOBP+eXiyT7jsgVCq1bkVygt00oASowB7EdtpOHaaPgKt812P9ab+DDKA==",
      "dev": true,
      "hasInstallScript": true,
      "license": "MIT",
      "optional": true,
      "os": [
        "darwin"
      ],
      "engines": {
        "node": "^8.16.0 || ^10.6.0 || >=11.0.0"
      }
    },
    "node_modules/lit": {
      "version": "3.3.1",
      "resolved": "https://registry.npmjs.org/lit/-/lit-3.3.1.tgz",
      "integrity": "sha512-Ksr/8L3PTapbdXJCk+EJVB78jDodUMaP54gD24W186zGRARvwrsPfS60wae/SSCTCNZVPd1chXqio1qHQmu4NA==",
      "license": "BSD-3-Clause",
      "dependencies": {
        "@lit/reactive-element": "^2.1.0",
        "lit-element": "^4.2.0",
        "lit-html": "^3.3.0"
      }
    },
    "node_modules/lit-element": {
      "version": "4.2.1",
      "resolved": "https://registry.npmjs.org/lit-element/-/lit-element-4.2.1.tgz",
      "integrity": "sha512-WGAWRGzirAgyphK2urmYOV72tlvnxw7YfyLDgQ+OZnM9vQQBQnumQ7jUJe6unEzwGU3ahFOjuz1iz1jjrpCPuw==",
      "license": "BSD-3-Clause",
      "dependencies": {
        "@lit-labs/ssr-dom-shim": "^1.4.0",
        "@lit/reactive-element": "^2.1.0",
        "lit-html": "^3.3.0"
      }
    },
    "node_modules/lit-html": {
      "version": "3.3.1",
      "resolved": "https://registry.npmjs.org/lit-html/-/lit-html-3.3.1.tgz",
      "integrity": "sha512-S9hbyDu/vs1qNrithiNyeyv64c9yqiW9l+DBgI18fL+MTvOtWoFR0FWiyq1TxaYef5wNlpEmzlXoBlZEO+WjoA==",
      "license": "BSD-3-Clause",
      "dependencies": {
        "@types/trusted-types": "^2.0.2"
      }
    },
    "node_modules/mount-observer": {
      "version": "0.0.101",
      "resolved": "https://registry.npmjs.org/mount-observer/-/mount-observer-0.0.101.tgz",
      "integrity": "sha512-Rm9BFfORNhDecQWexsNXga7X1A+3yfiXO3gssMBrI/mE546AVdnGnJEXXz0KgEjOPlhe8pdC7ZH5bRDk7eIrXw==",
      "license": "MIT"
    },
    "node_modules/open-props": {
      "version": "1.7.16",
      "resolved": "https://registry.npmjs.org/open-props/-/open-props-1.7.16.tgz",
      "integrity": "sha512-9dGv6wtah34stwweJytNEcCB0NG9HeV9wVsyr7Bs8RkKgrx2v0qIRi+9LQa5569nPbOpCOFF5nOxCPdKw30RAA==",
      "license": "MIT"
    },
    "node_modules/per-each": {
      "version": "0.0.9",
      "resolved": "https://registry.npmjs.org/per-each/-/per-each-0.0.9.tgz",
      "integrity": "sha512-vIRKRgnyOlcPD5UvoX1VIf48A4tDbUABvwfE1uLyvJ7whlW75UhrX3ruep6M329ejeubRYrgOBdJ6OKncYYeew==",
      "license": "MIT",
      "dependencies": {
        "be-enhanced": "0.0.183",
        "be-hive": "0.0.263",
        "mount-observer": "0.0.89",
        "trans-render": "0.0.926"
      }
    },
    "node_modules/per-each/node_modules/be-enhanced": {
      "version": "0.0.183",
      "resolved": "https://registry.npmjs.org/be-enhanced/-/be-enhanced-0.0.183.tgz",
      "integrity": "sha512-+Tm+R88HjkO8kB+TfszahsyF15l0htvKnb+WnbbpBgUFazyaTDFy371PsiY2rUFXAfJA3Tj/YcIuD3FWTf7J4A==",
      "license": "MIT",
      "dependencies": {
        "trans-render": "0.0.921"
      }
    },
    "node_modules/per-each/node_modules/be-enhanced/node_modules/mount-observer": {
      "version": "0.0.88",
      "resolved": "https://registry.npmjs.org/mount-observer/-/mount-observer-0.0.88.tgz",
      "integrity": "sha512-Motb58DIomIqgLfrE/FJLNz1y4szqHGmSN1Y68GTBfQIKGiCp3mkS09vOHzB0EgwNhNau033rQu6SGEpFVdNFg==",
      "license": "MIT"
    },
    "node_modules/per-each/node_modules/be-enhanced/node_modules/trans-render": {
      "version": "0.0.921",
      "resolved": "https://registry.npmjs.org/trans-render/-/trans-render-0.0.921.tgz",
      "integrity": "sha512-RwX86zh3Boe2kTBzy2pE6nvXzLb7jNeIDybHq9XZYWW/Wo47vHoFojzLFquRMuxoBPwSO72ZZxNjqJoGiAuFdA==",
      "license": "MIT",
      "dependencies": {
        "mount-observer": "0.0.88"
      }
    },
    "node_modules/per-each/node_modules/be-hive": {
      "version": "0.0.263",
      "resolved": "https://registry.npmjs.org/be-hive/-/be-hive-0.0.263.tgz",
      "integrity": "sha512-mTVVvaXhy2X63F/oLnObu0EFEDA90Ih1wJl984J3IlEjjibfqkfIvrCb6wzmZ9wFJSKP03BZsuaMrynfBO6S5A==",
      "license": "MIT",
      "dependencies": {
        "be-enhanced": "0.0.183",
        "mount-observer": "0.0.88",
        "trans-render": "0.0.921"
      }
    },
    "node_modules/per-each/node_modules/be-hive/node_modules/mount-observer": {
      "version": "0.0.88",
      "resolved": "https://registry.npmjs.org/mount-observer/-/mount-observer-0.0.88.tgz",
      "integrity": "sha512-Motb58DIomIqgLfrE/FJLNz1y4szqHGmSN1Y68GTBfQIKGiCp3mkS09vOHzB0EgwNhNau033rQu6SGEpFVdNFg==",
      "license": "MIT"
    },
    "node_modules/per-each/node_modules/be-hive/node_modules/trans-render": {
      "version": "0.0.921",
      "resolved": "https://registry.npmjs.org/trans-render/-/trans-render-0.0.921.tgz",
      "integrity": "sha512-RwX86zh3Boe2kTBzy2pE6nvXzLb7jNeIDybHq9XZYWW/Wo47vHoFojzLFquRMuxoBPwSO72ZZxNjqJoGiAuFdA==",
      "license": "MIT",
      "dependencies": {
        "mount-observer": "0.0.88"
      }
    },
    "node_modules/per-each/node_modules/mount-observer": {
      "version": "0.0.89",
      "resolved": "https://registry.npmjs.org/mount-observer/-/mount-observer-0.0.89.tgz",
      "integrity": "sha512-diJjxp/5ZgHce4+VT1Egi4flVDWMZlnmlfUt/TMIuxPbxqEZLliCGRL5xzRmAToxKFj/8AA3chN+PM3zShAq/g==",
      "license": "MIT"
    },
    "node_modules/per-each/node_modules/trans-render": {
      "version": "0.0.926",
      "resolved": "https://registry.npmjs.org/trans-render/-/trans-render-0.0.926.tgz",
      "integrity": "sha512-Xw2bwu5sz6peQFn3NSQ+HEj/KGbuRNk2ASInOndYXmpw5vMp2ghuoMFkD/bHpYhHL6wnFaEeVO6h93QIlQyXRg==",
      "license": "MIT",
      "dependencies": {
        "mount-observer": "0.0.89"
      }
    },
    "node_modules/playwright": {
      "version": "1.55.0",
      "resolved": "https://registry.npmjs.org/playwright/-/playwright-1.55.0.tgz",
      "integrity": "sha512-sdCWStblvV1YU909Xqx0DhOjPZE4/5lJsIS84IfN9dAZfcl/CIZ5O8l3o0j7hPMjDvqoTF8ZUcc+i/GL5erstA==",
      "dev": true,
      "license": "Apache-2.0",
      "dependencies": {
        "playwright-core": "1.55.0"
      },
      "bin": {
        "playwright": "cli.js"
      },
      "engines": {
        "node": ">=18"
      },
      "optionalDependencies": {
        "fsevents": "2.3.2"
      }
    },
    "node_modules/playwright-core": {
      "version": "1.55.0",
      "resolved": "https://registry.npmjs.org/playwright-core/-/playwright-core-1.55.0.tgz",
      "integrity": "sha512-GvZs4vU3U5ro2nZpeiwyb0zuFaqb9sUiAJuyrWpcGouD8y9/HLgGbNRjIph7zU9D3hnPaisMl9zG9CgFi/biIg==",
      "dev": true,
      "license": "Apache-2.0",
      "bin": {
        "playwright-core": "cli.js"
      },
      "engines": {
        "node": ">=18"
      }
    },
    "node_modules/spa-ssi": {
      "version": "0.0.2",
      "resolved": "https://registry.npmjs.org/spa-ssi/-/spa-ssi-0.0.2.tgz",
      "integrity": "sha512-K7VNBClyMa2nJnQckqQufM3EKzP13quLhK05AY5qbmGwIeyUZ3NdBPlhPxVAOs2sY+GQcEsg7KeAfYYkSvbC4g==",
      "dev": true,
      "license": "MIT"
    },
    "node_modules/stream-orator": {
      "version": "0.0.25",
      "resolved": "https://registry.npmjs.org/stream-orator/-/stream-orator-0.0.25.tgz",
      "integrity": "sha512-0xOrrSaLErJprl/MlzOC/UQrIb0b/HwOT0kCiaAuNSGktjG9r6kBenft5yRBdZWtq2BpWdrYohcfaf6aGO07LQ==",
      "license": "MIT"
    },
    "node_modules/trans-render": {
      "version": "0.0.956",
      "resolved": "https://registry.npmjs.org/trans-render/-/trans-render-0.0.956.tgz",
      "integrity": "sha512-FjZxJ33ob/7bC90HbsVqtuvpDSUfn6fro+WD/GaYGS4EFiWvcCZDVpt4KNZ9FQgf1QgapvWIC/thuhLmjelP8Q==",
      "license": "MIT",
      "dependencies": {
        "mount-observer": "0.0.98"
      }
    },
    "node_modules/trans-render/node_modules/mount-observer": {
      "version": "0.0.98",
      "resolved": "https://registry.npmjs.org/mount-observer/-/mount-observer-0.0.98.tgz",
      "integrity": "sha512-G9DIuX9YC0ol8SQFO2ybLR23hAPiesZO3ym7CM4ThcT0GtxzgL49djDXz56b7HQ25FeHpodGrbf3k7XITD9U+g==",
      "license": "MIT"
    },
    "node_modules/tslib": {
      "version": "2.8.1",
      "resolved": "https://registry.npmjs.org/tslib/-/tslib-2.8.1.tgz",
      "integrity": "sha512-oJFu94HQb+KVduSUQL7wnpmqnfmLsOA/nAh6b6EH0wCEoK0/mPeXU6c3wKDV83MkOuHPRHtSXKKU99IBazS/2w==",
      "license": "0BSD"
    },
    "node_modules/xtal-element": {
      "version": "0.0.631",
      "resolved": "https://registry.npmjs.org/xtal-element/-/xtal-element-0.0.631.tgz",
      "integrity": "sha512-TF4QpE52f4tbYUhg1GuIwgeghlVv7kJw2KyUGkOs/wStoCN8thau4GpebuOfJW2podbD3IfzROwhUkPqtp9BAw==",
      "license": "MIT",
      "dependencies": {
        "blow-dry": "0.0.11",
        "trans-render": "0.0.949"
      }
    },
    "node_modules/xtal-element/node_modules/mount-observer": {
      "version": "0.0.98",
      "resolved": "https://registry.npmjs.org/mount-observer/-/mount-observer-0.0.98.tgz",
      "integrity": "sha512-G9DIuX9YC0ol8SQFO2ybLR23hAPiesZO3ym7CM4ThcT0GtxzgL49djDXz56b7HQ25FeHpodGrbf3k7XITD9U+g==",
      "license": "MIT"
    },
    "node_modules/xtal-element/node_modules/trans-render": {
      "version": "0.0.949",
      "resolved": "https://registry.npmjs.org/trans-render/-/trans-render-0.0.949.tgz",
      "integrity": "sha512-iEeIvaTB9GJ5cKRO3sOBmfRfQViJQ0YapE9ag+cTPH4UfS1W90V12bKvs7MfuGdcToxBfblgRJzGjof0KChaRA==",
      "license": "MIT",
      "dependencies": {
        "mount-observer": "0.0.98"
      }
    }
  }
}
