{
  "name": "co-pair",
  "version": "0.0.0",
  "lockfileVersion": 3,
  "requires": true,
  "packages": {
    "": {
      "name": "co-pair",
      "version": "0.0.0",
      "license": "MIT",
      "dependencies": {
        "be-directive": "0.0.3",
        "be-enhanced": "0.0.182",
        "be-hive": "0.0.262",
        "mount-observer": "0.0.76",
        "node": "^24.4.0",
        "python3": "^0.0.1",
        "trans-render": "0.0.909",
        "when-resolved": "0.0.1"
      },
      "devDependencies": {
        "@playwright/test": "1.54.1",
        "ssi-server": "0.0.1"
      }
    },
    "node_modules/@playwright/test": {
      "version": "1.54.1",
      "resolved": "https://registry.npmjs.org/@playwright/test/-/test-1.54.1.tgz",
      "integrity": "sha512-FS8hQ12acieG2dYSksmLOF7BNxnVf2afRJdCuM1eMSxj6QTSE6G4InGF7oApGgDb65MX7AwMVlIkpru0yZA4Xw==",
      "dev": true,
      "license": "Apache-2.0",
      "dependencies": {
        "playwright": "1.54.1"
      },
      "bin": {
        "playwright": "cli.js"
      },
      "engines": {
        "node": ">=18"
      }
    },
    "node_modules/be-directive": {
      "version": "0.0.3",
      "resolved": "https://registry.npmjs.org/be-directive/-/be-directive-0.0.3.tgz",
      "integrity": "sha512-vo0eUTjDq3RjGutW05RTd2c8UC1hoPZLyC6zN0UgeXBDxfubcRDQuASehnqs8Ji/dSkQpRTXQLzPfm00k927Hw==",
      "license": "MIT",
      "dependencies": {
        "be-enhanced": "0.0.182",
        "be-hive": "0.0.262",
        "mount-observer": "0.0.76",
        "trans-render": "0.0.909"
      }
    },
    "node_modules/be-enhanced": {
      "version": "0.0.182",
      "resolved": "https://registry.npmjs.org/be-enhanced/-/be-enhanced-0.0.182.tgz",
      "integrity": "sha512-r/kMwjoFN7d52+khjBQ++Jkoa51DrZb+EaOp+w5ON9pwBzxUfwSUI2hLIMOEpW28nY80wHtWhAUEivjTAY5ntw==",
      "license": "MIT",
      "dependencies": {
        "trans-render": "0.0.909"
      }
    },
    "node_modules/be-hive": {
      "version": "0.0.262",
      "resolved": "https://registry.npmjs.org/be-hive/-/be-hive-0.0.262.tgz",
      "integrity": "sha512-UBSkW0lT6+Yfl0W9hFRYKIn4jBvG7M5N1vxJcJ9ctZ/RT9BM+dkAZGllzT5pv79shb+LoY63breUu4jmiZ1S5Q==",
      "license": "MIT",
      "dependencies": {
        "be-enhanced": "0.0.182",
        "mount-observer": "0.0.76",
        "trans-render": "0.0.909"
      }
    },
    "node_modules/fsevents": {
      "version": "2.3.2",
      "resolved": "https://registry.npmjs.org/fsevents/-/fsevents-2.3.2.tgz",
      "integrity": "sha512-xiqMQR4xAeHTuB9uWm+fFRcIOgKBMiOBP+eXiyT7jsgVCq1bkVygt00oASowB7EdtpOHaaPgKt812P9ab+DDKA==",
      "dev": true,
      "hasInstallScript": true,
      "license": "MIT",
      "optional": true,
      "os": [
        "darwin"
      ],
      "engines": {
        "node": "^8.16.0 || ^10.6.0 || >=11.0.0"
      }
    },
    "node_modules/mount-observer": {
      "version": "0.0.76",
      "resolved": "https://registry.npmjs.org/mount-observer/-/mount-observer-0.0.76.tgz",
      "integrity": "sha512-uZ/A8cz851vz2ryhW8CjEs64xANjGK74laNgXyIRr19jpnaon11mekEVZAjtnwznRPmNKYFYHMk1AWrCFykIvA==",
      "license": "MIT"
    },
    "node_modules/node": {
      "version": "24.4.0",
      "resolved": "https://registry.npmjs.org/node/-/node-24.4.0.tgz",
      "integrity": "sha512-IPMGt3XUfM12saFz9D3cFx9T7d8rvx8sIf/v2K3Jwgjrp8LyzO7bIrHZDR6XpiNRHX3hKvI7KzXti8zKRyr7Jg==",
      "hasInstallScript": true,
      "license": "ISC",
      "dependencies": {
        "node-bin-setup": "^1.0.0"
      },
      "bin": {
        "node": "bin/node"
      },
      "engines": {
        "npm": ">=5.0.0"
      }
    },
    "node_modules/node-bin-setup": {
      "version": "1.1.4",
      "resolved": "https://registry.npmjs.org/node-bin-setup/-/node-bin-setup-1.1.4.tgz",
      "integrity": "sha512-vWNHOne0ZUavArqPP5LJta50+S8R261Fr5SvGul37HbEDcowvLjwdvd0ZeSr0r2lTSrPxl6okq9QUw8BFGiAxA==",
      "license": "ISC"
    },
    "node_modules/playwright": {
      "version": "1.54.1",
      "resolved": "https://registry.npmjs.org/playwright/-/playwright-1.54.1.tgz",
      "integrity": "sha512-peWpSwIBmSLi6aW2auvrUtf2DqY16YYcCMO8rTVx486jKmDTJg7UAhyrraP98GB8BoPURZP8+nxO7TSd4cPr5g==",
      "dev": true,
      "license": "Apache-2.0",
      "dependencies": {
        "playwright-core": "1.54.1"
      },
      "bin": {
        "playwright": "cli.js"
      },
      "engines": {
        "node": ">=18"
      },
      "optionalDependencies": {
        "fsevents": "2.3.2"
      }
    },
    "node_modules/playwright-core": {
      "version": "1.54.1",
      "resolved": "https://registry.npmjs.org/playwright-core/-/playwright-core-1.54.1.tgz",
      "integrity": "sha512-Nbjs2zjj0htNhzgiy5wu+3w09YetDx5pkrpI/kZotDlDUaYk0HVA5xrBVPdow4SAUIlhgKcJeJg4GRKW6xHusA==",
      "dev": true,
      "license": "Apache-2.0",
      "bin": {
        "playwright-core": "cli.js"
      },
      "engines": {
        "node": ">=18"
      }
    },
    "node_modules/python3": {
      "version": "0.0.1",
      "resolved": "https://registry.npmjs.org/python3/-/python3-0.0.1.tgz",
      "integrity": "sha512-VB3Pe0uV1mjWND5Kv1FJQOSuAe979Oo0gRs/C8JGF8wx+ulkWqHC/sWlQz+ezcGpwsJP0tTIh+No/iRaqQlcNg==",
      "license": "ISC"
    },
    "node_modules/ssi-server": {
      "version": "0.0.1",
      "resolved": "https://registry.npmjs.org/ssi-server/-/ssi-server-0.0.1.tgz",
      "integrity": "sha512-HdgGAl+z7O0lq3Bl4cCnj4tKg7mG3rI4srKnaoPTHIzHO4QMMdvP9z6IDRz1fIpgLBMi6b6ZnvbYa2TSPjBhpg==",
      "dev": true,
      "license": "Apache-2.0"
    },
    "node_modules/trans-render": {
      "version": "0.0.909",
      "resolved": "https://registry.npmjs.org/trans-render/-/trans-render-0.0.909.tgz",
      "integrity": "sha512-gEQboAK54pzrCGhtJlRnOk5wlR2SRzhtNtEzAa3jYNGh3F0e/XMEvpsPs35XpgR1+rTF7GEMDBYADfX1bX3Q8A==",
      "license": "MIT",
      "dependencies": {
        "mount-observer": "0.0.76"
      }
    },
    "node_modules/when-resolved": {
      "version": "0.0.1",
      "resolved": "https://registry.npmjs.org/when-resolved/-/when-resolved-0.0.1.tgz",
      "integrity": "sha512-UySwimk5Qz0O93xRxj23e2jgYjRPbUC7cQFrZtHir7H3eJAQKwX8ChTQpAgf/icaL0wR1hNUjVwcR6QzxZ0s2A==",
      "license": "MIT",
      "dependencies": {
        "be-enhanced": "0.0.182",
        "be-hive": "0.0.262",
        "mount-observer": "0.0.76",
        "trans-render": "0.0.909"
      }
    }
  }
}
